
Microsoft Visual Studio Solution File, Format Version 12.00
# Visual Studio 14
VisualStudioVersion = 14.0.25420.1
MinimumVisualStudioVersion = 10.0.40219.1
Project("{FAE04EC0-301F-11D3-BF4B-00C04F79EFBC}") = "LeetCode", "LeetCode\LeetCode.csproj", "{1635F18B-0C21-493B-A9A0-DFB1DF22EB57}"
EndProject
Project("{FAE04EC0-301F-11D3-BF4B-00C04F79EFBC}") = "Stack1", "Stack1\Stack1.csproj", "{6AA0EBD7-83FC-4968-BF09-05C4AC6411F5}"
EndProject
Project("{FAE04EC0-301F-11D3-BF4B-00C04F79EFBC}") = "Stack2", "Stack2\Stack2.csproj", "{E7D41CC6-825A-4008-8A9F-053965FBAB9D}"
EndProject
Project("{FAE04EC0-301F-11D3-BF4B-00C04F79EFBC}") = "Stack4", "Stack4\Stack4.csproj", "{229036E4-9635-469E-9816-D9BB80E27979}"
EndProject
Project("{FAE04EC0-301F-11D3-BF4B-00C04F79EFBC}") = "Stack5", "Stack5\Stack5.csproj", "{D02FBAB6-C2BE-4188-92AB-480DF26628C6}"
EndProject
Project("{FAE04EC0-301F-11D3-BF4B-00C04F79EFBC}") = "Sort1", "Sort1\Sort1.csproj", "{E23C748A-3B60-46C0-ABD2-C82C05E5DEA4}"
EndProject
Project("{FAE04EC0-301F-11D3-BF4B-00C04F79EFBC}") = "Sort2", "Sort2\Sort2.csproj", "{5F0825F9-D661-4630-87FC-7CB0BEF1C954}"
EndProject
Project("{FAE04EC0-301F-11D3-BF4B-00C04F79EFBC}") = "Sorting", "Sorting\Sorting.csproj", "{9656DEAB-D30B-4DE0-B53C-279BE3BB15D2}"
EndProject
Project("{FAE04EC0-301F-11D3-BF4B-00C04F79EFBC}") = "SkillUp_Sorting 1", "SkillUp_Sorting 1\SkillUp_Sorting 1.csproj", "{C159A6B0-1781-4BA2-9A63-C8422E0D65C3}"
EndProject
Project("{FAE04EC0-301F-11D3-BF4B-00C04F79EFBC}") = "Upskill_Sorting2", "Upskill_Sorting2\Upskill_Sorting2.csproj", "{C69A7F7E-DE4C-4F13-8BAB-C195BCF11155}"
EndProject
Project("{FAE04EC0-301F-11D3-BF4B-00C04F79EFBC}") = "Upskill_Sort3", "Upskill_Sort3\Upskill_Sort3.csproj", "{53578B0C-B330-4547-8583-3B3122AAD3F1}"
EndProject
Project("{FAE04EC0-301F-11D3-BF4B-00C04F79EFBC}") = "LeetCode_Sort5", "LeetCode_Sort5\LeetCode_Sort5.csproj", "{CEA8FF0B-CBD3-4E4B-96D9-D05AA7058E71}"
EndProject
Project("{FAE04EC0-301F-11D3-BF4B-00C04F79EFBC}") = "Leetcode_MeetingRooms", "Leetcode_MeetingRooms\Leetcode_MeetingRooms.csproj", "{83E635DD-7D38-449C-ACDC-464EED0C101F}"
EndProject
Project("{FAE04EC0-301F-11D3-BF4B-00C04F79EFBC}") = "Reurssion1", "Reurssion1\Reurssion1.csproj", "{7A99C8D2-A68E-4B46-894A-2046B0B12159}"
EndProject
Project("{FAE04EC0-301F-11D3-BF4B-00C04F79EFBC}") = "Recurssion2", "Recurssion2\Recurssion2.csproj", "{BD8A01AD-D8DD-4732-A540-E59A66E24296}"
EndProject
Project("{FAE04EC0-301F-11D3-BF4B-00C04F79EFBC}") = "Recurssion 3", "Recurssion 3\Recurssion 3.csproj", "{D3ED0CF7-41B5-4D44-963C-1E805A291918}"
EndProject
Project("{FAE04EC0-301F-11D3-BF4B-00C04F79EFBC}") = "Recurssion4", "Recurssion4\Recurssion4.csproj", "{640E4BB4-87C6-4AFC-B34B-B7DA638EA364}"
EndProject
Project("{FAE04EC0-301F-11D3-BF4B-00C04F79EFBC}") = "Recurssion 5", "Recurssion 5\Recurssion 5.csproj", "{BADA997B-7FA2-43F8-BD97-484AF129D480}"
EndProject
Project("{FAE04EC0-301F-11D3-BF4B-00C04F79EFBC}") = "Recurssion 6", "Recurssion 6\Recurssion 6.csproj", "{7BCF8984-3198-4EF6-BDBC-CB056337DBBA}"
EndProject
Project("{FAE04EC0-301F-11D3-BF4B-00C04F79EFBC}") = "Recurssion 8", "Recurssion 8\Recurssion 8.csproj", "{E1B1B4B9-52A7-4897-89DE-40090D2F3D0F}"
EndProject
Project("{FAE04EC0-301F-11D3-BF4B-00C04F79EFBC}") = "Subsets", "Subsets\Subsets.csproj", "{4528B4B8-357E-4D3A-B5F3-35FA8120D6D0}"
EndProject
Project("{FAE04EC0-301F-11D3-BF4B-00C04F79EFBC}") = "REcurssion 9", "REcurssion 9\REcurssion 9.csproj", "{3ECC2AC0-7AD7-49FF-8784-3412560EDCA0}"
EndProject
Project("{FAE04EC0-301F-11D3-BF4B-00C04F79EFBC}") = "Recurssion 10", "Recurssion 10\Recurssion 10.csproj", "{C951CC33-39BA-4B31-ADBB-15015C7EF1F3}"
EndProject
Project("{FAE04EC0-301F-11D3-BF4B-00C04F79EFBC}") = "Recurssion 11", "Recurssion 11\Recurssion 11.csproj", "{5F644726-3311-459F-B3DC-16710B4FC7B6}"
EndProject
Project("{FAE04EC0-301F-11D3-BF4B-00C04F79EFBC}") = "Rec", "Rec\Rec.csproj", "{7C9CBD89-E6A1-4BC3-BDEE-F93A372A9943}"
EndProject
Project("{FAE04EC0-301F-11D3-BF4B-00C04F79EFBC}") = "Sort_Revision", "Sort_Revision\Sort_Revision.csproj", "{46E4C36B-7B6E-495A-8CC8-2CE87FB10B01}"
EndProject
Project("{FAE04EC0-301F-11D3-BF4B-00C04F79EFBC}") = "Tree 1", "Tree 1\Tree 1.csproj", "{164CEAC9-2443-4F31-BB8D-4B641058EEFF}"
EndProject
Project("{FAE04EC0-301F-11D3-BF4B-00C04F79EFBC}") = "Tree 2", "Tree 2\Tree 2.csproj", "{710030F2-6576-4D61-9F08-5616E1AC1E1A}"
EndProject
Project("{FAE04EC0-301F-11D3-BF4B-00C04F79EFBC}") = "Tree 4", "Tree 4\Tree 4.csproj", "{6F038E02-D6A2-4BA6-BCCD-9999DB4E6A67}"
EndProject
Project("{FAE04EC0-301F-11D3-BF4B-00C04F79EFBC}") = "Tree 5", "Tree 5\Tree 5.csproj", "{9876B74F-982C-46C8-9266-32F8F4161D14}"
EndProject
Project("{FAE04EC0-301F-11D3-BF4B-00C04F79EFBC}") = "Tree 6", "Tree 6\Tree 6.csproj", "{D8D4B734-B354-4666-A205-6206BA31BC41}"
EndProject
Project("{FAE04EC0-301F-11D3-BF4B-00C04F79EFBC}") = "Bipartite", "Bipartite\Bipartite.csproj", "{AEB75182-0ADE-4F09-B0CD-6696BE14582B}"
EndProject
Project("{FAE04EC0-301F-11D3-BF4B-00C04F79EFBC}") = "Possible Bipartation", "Possible Bipartation\Possible Bipartation.csproj", "{AE8E8DC4-CC15-4C29-A4C0-8BC259EDC105}"
EndProject
Project("{FAE04EC0-301F-11D3-BF4B-00C04F79EFBC}") = "NumberofIslands", "NumberofIslands\NumberofIslands.csproj", "{C4021932-B224-4D37-91BA-8F8063A53183}"
EndProject
Project("{FAE04EC0-301F-11D3-BF4B-00C04F79EFBC}") = "Knights tour", "Knights tour\Knights tour.csproj", "{20F68942-7EB5-4D27-AB53-D0BAFB121587}"
EndProject
Project("{FAE04EC0-301F-11D3-BF4B-00C04F79EFBC}") = "Course Schedule", "Course Schedule\Course Schedule.csproj", "{8739DEBB-1361-4353-92ED-D8EE92596F34}"
EndProject
Project("{FAE04EC0-301F-11D3-BF4B-00C04F79EFBC}") = "Course Schedule 2", "Course Schedule 2\Course Schedule 2.csproj", "{0175999A-2EBC-4E23-B0AF-FB4C3B18EFCA}"
EndProject
Project("{FAE04EC0-301F-11D3-BF4B-00C04F79EFBC}") = "AmazonOA", "AmazonOA\AmazonOA.csproj", "{F17555C2-0213-4932-A79A-4F808921FEE8}"
EndProject
Project("{FAE04EC0-301F-11D3-BF4B-00C04F79EFBC}") = "HackerRank-Array", "HackerRank-Array\HackerRank-Array.csproj", "{D2AD26CA-4894-42F7-8424-7426DC2614B7}"
EndProject
Project("{FAE04EC0-301F-11D3-BF4B-00C04F79EFBC}") = "HackerArray2", "HackerArray2\HackerArray2.csproj", "{FECB6B16-5F36-4ABB-A306-5CA29BAB6B0D}"
EndProject
Project("{FAE04EC0-301F-11D3-BF4B-00C04F79EFBC}") = "HackerRank Array3", "HackerRank Array3\HackerRank Array3.csproj", "{E78D865A-7042-4F34-9319-E44381FAECCA}"
EndProject
Project("{FAE04EC0-301F-11D3-BF4B-00C04F79EFBC}") = "Uplevel", "Uplevel\Uplevel.csproj", "{9737DA73-F378-4F6C-BB9F-06B5C67EAB87}"
EndProject
Project("{FAE04EC0-301F-11D3-BF4B-00C04F79EFBC}") = "Recurssion_1126", "Recurssion_1126\Recurssion_1126.csproj", "{64FDACAE-5F47-4987-8E6D-9F1E60314C77}"
EndProject
Project("{FAE04EC0-301F-11D3-BF4B-00C04F79EFBC}") = "Combination", "Combination\Combination.csproj", "{19C3E7F4-DAC7-4470-A289-4D25F95F9459}"
EndProject
Project("{FAE04EC0-301F-11D3-BF4B-00C04F79EFBC}") = "Robber", "Robber\Robber.csproj", "{EA7385CB-D334-40B7-9A66-0DEE237EBB4F}"
EndProject
Project("{FAE04EC0-301F-11D3-BF4B-00C04F79EFBC}") = "UniquePath2", "UniquePath2\UniquePath2.csproj", "{DEAFED0E-7FD8-4837-AE9D-16480EEF3047}"
EndProject
Project("{FAE04EC0-301F-11D3-BF4B-00C04F79EFBC}") = "Pascal Triangle", "Pascal Triangle\Pascal Triangle.csproj", "{653FB14F-CD75-404C-9939-F47A1878D19B}"
EndProject
Project("{FAE04EC0-301F-11D3-BF4B-00C04F79EFBC}") = "WordBreak", "WordBreak\WordBreak.csproj", "{0F8B7C4C-386A-4616-ACED-81AB66ABF9A3}"
EndProject
Project("{FAE04EC0-301F-11D3-BF4B-00C04F79EFBC}") = "ConsoleApplication1", "ConsoleApplication1\ConsoleApplication1.csproj", "{0A608884-7690-48CA-9E14-3C2E2C2C6DF8}"
EndProject
Project("{FAE04EC0-301F-11D3-BF4B-00C04F79EFBC}") = "Coin Change", "Coin Change\Coin Change.csproj", "{8FF515BC-D0D4-4595-AE86-FA8EDB91E00B}"
EndProject
Project("{FAE04EC0-301F-11D3-BF4B-00C04F79EFBC}") = "LeetCode33", "LeetCode33\LeetCode33.csproj", "{55D49C02-739D-4BCB-B998-AA16980CA57B}"
EndProject
Project("{FAE04EC0-301F-11D3-BF4B-00C04F79EFBC}") = "kth Largest", "kth Largest\kth Largest.csproj", "{842FBD7C-7017-479E-A00C-F54F3F28D3A9}"
EndProject
Project("{FAE04EC0-301F-11D3-BF4B-00C04F79EFBC}") = "Top K", "Top K\Top K.csproj", "{987DD7FA-58F3-4DF3-90DB-AF13BE83F5F1}"
EndProject
Project("{FAE04EC0-301F-11D3-BF4B-00C04F79EFBC}") = "MergeOne SortedArray", "MergeOne SortedArray\MergeOne SortedArray.csproj", "{AC1B9FC9-BEC3-4540-B871-CF03D82CE4A5}"
EndProject
Project("{FAE04EC0-301F-11D3-BF4B-00C04F79EFBC}") = "Lexographical", "Lexographical\Lexographical.csproj", "{A9B0F0CA-0EA4-4FE7-AED3-0568F4BED90F}"
EndProject
Project("{FAE04EC0-301F-11D3-BF4B-00C04F79EFBC}") = "H eap", "H eap\H eap.csproj", "{AB49C6E9-9CAA-4FA8-A3AA-D6DD460618E4}"
EndProject
Project("{FAE04EC0-301F-11D3-BF4B-00C04F79EFBC}") = "Lexo", "Lexo\Lexo.csproj", "{65AEC41C-301B-4CE6-99A4-5A6F00E70895}"
EndProject
Project("{FAE04EC0-301F-11D3-BF4B-00C04F79EFBC}") = "Rotate Image", "Rotate Image\Rotate Image.csproj", "{307F8277-4814-4682-B14E-0FE9D88EBCDF}"
EndProject
Project("{FAE04EC0-301F-11D3-BF4B-00C04F79EFBC}") = "Rain_Water_Trap", "Rain_Water_Trap\Rain_Water_Trap.csproj", "{1719CF3B-2EE9-4D58-91A5-D17E55AB0BDA}"
EndProject
Project("{FAE04EC0-301F-11D3-BF4B-00C04F79EFBC}") = "TopK", "TopK\TopK.csproj", "{A76630AB-EB1A-457D-9BF5-56AF893EA419}"
EndProject
Project("{FAE04EC0-301F-11D3-BF4B-00C04F79EFBC}") = "Top Frequent K", "Top Frequent K\Top Frequent K.csproj", "{EF3912A7-67AE-4648-96FA-D4B60B5F291C}"
EndProject
Project("{FAE04EC0-301F-11D3-BF4B-00C04F79EFBC}") = "Remove Invalid Parenthesis", "Remove Invalid Parenthesis\Remove Invalid Parenthesis.csproj", "{B5A08B94-3E33-4D2E-BA4B-9E97F29397F4}"
EndProject
Global
	GlobalSection(SolutionConfigurationPlatforms) = preSolution
		Debug|Any CPU = Debug|Any CPU
		Release|Any CPU = Release|Any CPU
	EndGlobalSection
	GlobalSection(ProjectConfigurationPlatforms) = postSolution
		{1635F18B-0C21-493B-A9A0-DFB1DF22EB57}.Debug|Any CPU.ActiveCfg = Debug|Any CPU
		{1635F18B-0C21-493B-A9A0-DFB1DF22EB57}.Debug|Any CPU.Build.0 = Debug|Any CPU
		{1635F18B-0C21-493B-A9A0-DFB1DF22EB57}.Release|Any CPU.ActiveCfg = Release|Any CPU
		{1635F18B-0C21-493B-A9A0-DFB1DF22EB57}.Release|Any CPU.Build.0 = Release|Any CPU
		{6AA0EBD7-83FC-4968-BF09-05C4AC6411F5}.Debug|Any CPU.ActiveCfg = Debug|Any CPU
		{6AA0EBD7-83FC-4968-BF09-05C4AC6411F5}.Debug|Any CPU.Build.0 = Debug|Any CPU
		{6AA0EBD7-83FC-4968-BF09-05C4AC6411F5}.Release|Any CPU.ActiveCfg = Release|Any CPU
		{6AA0EBD7-83FC-4968-BF09-05C4AC6411F5}.Release|Any CPU.Build.0 = Release|Any CPU
		{E7D41CC6-825A-4008-8A9F-053965FBAB9D}.Debug|Any CPU.ActiveCfg = Debug|Any CPU
		{E7D41CC6-825A-4008-8A9F-053965FBAB9D}.Debug|Any CPU.Build.0 = Debug|Any CPU
		{E7D41CC6-825A-4008-8A9F-053965FBAB9D}.Release|Any CPU.ActiveCfg = Release|Any CPU
		{E7D41CC6-825A-4008-8A9F-053965FBAB9D}.Release|Any CPU.Build.0 = Release|Any CPU
		{229036E4-9635-469E-9816-D9BB80E27979}.Debug|Any CPU.ActiveCfg = Debug|Any CPU
		{229036E4-9635-469E-9816-D9BB80E27979}.Debug|Any CPU.Build.0 = Debug|Any CPU
		{229036E4-9635-469E-9816-D9BB80E27979}.Release|Any CPU.ActiveCfg = Release|Any CPU
		{229036E4-9635-469E-9816-D9BB80E27979}.Release|Any CPU.Build.0 = Release|Any CPU
		{D02FBAB6-C2BE-4188-92AB-480DF26628C6}.Debug|Any CPU.ActiveCfg = Debug|Any CPU
		{D02FBAB6-C2BE-4188-92AB-480DF26628C6}.Debug|Any CPU.Build.0 = Debug|Any CPU
		{D02FBAB6-C2BE-4188-92AB-480DF26628C6}.Release|Any CPU.ActiveCfg = Release|Any CPU
		{D02FBAB6-C2BE-4188-92AB-480DF26628C6}.Release|Any CPU.Build.0 = Release|Any CPU
		{E23C748A-3B60-46C0-ABD2-C82C05E5DEA4}.Debug|Any CPU.ActiveCfg = Debug|Any CPU
		{E23C748A-3B60-46C0-ABD2-C82C05E5DEA4}.Debug|Any CPU.Build.0 = Debug|Any CPU
		{E23C748A-3B60-46C0-ABD2-C82C05E5DEA4}.Release|Any CPU.ActiveCfg = Release|Any CPU
		{E23C748A-3B60-46C0-ABD2-C82C05E5DEA4}.Release|Any CPU.Build.0 = Release|Any CPU
		{5F0825F9-D661-4630-87FC-7CB0BEF1C954}.Debug|Any CPU.ActiveCfg = Debug|Any CPU
		{5F0825F9-D661-4630-87FC-7CB0BEF1C954}.Debug|Any CPU.Build.0 = Debug|Any CPU
		{5F0825F9-D661-4630-87FC-7CB0BEF1C954}.Release|Any CPU.ActiveCfg = Release|Any CPU
		{5F0825F9-D661-4630-87FC-7CB0BEF1C954}.Release|Any CPU.Build.0 = Release|Any CPU
		{9656DEAB-D30B-4DE0-B53C-279BE3BB15D2}.Debug|Any CPU.ActiveCfg = Debug|Any CPU
		{9656DEAB-D30B-4DE0-B53C-279BE3BB15D2}.Debug|Any CPU.Build.0 = Debug|Any CPU
		{9656DEAB-D30B-4DE0-B53C-279BE3BB15D2}.Release|Any CPU.ActiveCfg = Release|Any CPU
		{9656DEAB-D30B-4DE0-B53C-279BE3BB15D2}.Release|Any CPU.Build.0 = Release|Any CPU
		{C159A6B0-1781-4BA2-9A63-C8422E0D65C3}.Debug|Any CPU.ActiveCfg = Debug|Any CPU
		{C159A6B0-1781-4BA2-9A63-C8422E0D65C3}.Debug|Any CPU.Build.0 = Debug|Any CPU
		{C159A6B0-1781-4BA2-9A63-C8422E0D65C3}.Release|Any CPU.ActiveCfg = Release|Any CPU
		{C159A6B0-1781-4BA2-9A63-C8422E0D65C3}.Release|Any CPU.Build.0 = Release|Any CPU
		{C69A7F7E-DE4C-4F13-8BAB-C195BCF11155}.Debug|Any CPU.ActiveCfg = Debug|Any CPU
		{C69A7F7E-DE4C-4F13-8BAB-C195BCF11155}.Debug|Any CPU.Build.0 = Debug|Any CPU
		{C69A7F7E-DE4C-4F13-8BAB-C195BCF11155}.Release|Any CPU.ActiveCfg = Release|Any CPU
		{C69A7F7E-DE4C-4F13-8BAB-C195BCF11155}.Release|Any CPU.Build.0 = Release|Any CPU
		{53578B0C-B330-4547-8583-3B3122AAD3F1}.Debug|Any CPU.ActiveCfg = Debug|Any CPU
		{53578B0C-B330-4547-8583-3B3122AAD3F1}.Debug|Any CPU.Build.0 = Debug|Any CPU
		{53578B0C-B330-4547-8583-3B3122AAD3F1}.Release|Any CPU.ActiveCfg = Release|Any CPU
		{53578B0C-B330-4547-8583-3B3122AAD3F1}.Release|Any CPU.Build.0 = Release|Any CPU
		{CEA8FF0B-CBD3-4E4B-96D9-D05AA7058E71}.Debug|Any CPU.ActiveCfg = Debug|Any CPU
		{CEA8FF0B-CBD3-4E4B-96D9-D05AA7058E71}.Debug|Any CPU.Build.0 = Debug|Any CPU
		{CEA8FF0B-CBD3-4E4B-96D9-D05AA7058E71}.Release|Any CPU.ActiveCfg = Release|Any CPU
		{CEA8FF0B-CBD3-4E4B-96D9-D05AA7058E71}.Release|Any CPU.Build.0 = Release|Any CPU
		{83E635DD-7D38-449C-ACDC-464EED0C101F}.Debug|Any CPU.ActiveCfg = Debug|Any CPU
		{83E635DD-7D38-449C-ACDC-464EED0C101F}.Debug|Any CPU.Build.0 = Debug|Any CPU
		{83E635DD-7D38-449C-ACDC-464EED0C101F}.Release|Any CPU.ActiveCfg = Release|Any CPU
		{83E635DD-7D38-449C-ACDC-464EED0C101F}.Release|Any CPU.Build.0 = Release|Any CPU
		{7A99C8D2-A68E-4B46-894A-2046B0B12159}.Debug|Any CPU.ActiveCfg = Debug|Any CPU
		{7A99C8D2-A68E-4B46-894A-2046B0B12159}.Debug|Any CPU.Build.0 = Debug|Any CPU
		{7A99C8D2-A68E-4B46-894A-2046B0B12159}.Release|Any CPU.ActiveCfg = Release|Any CPU
		{7A99C8D2-A68E-4B46-894A-2046B0B12159}.Release|Any CPU.Build.0 = Release|Any CPU
		{BD8A01AD-D8DD-4732-A540-E59A66E24296}.Debug|Any CPU.ActiveCfg = Debug|Any CPU
		{BD8A01AD-D8DD-4732-A540-E59A66E24296}.Debug|Any CPU.Build.0 = Debug|Any CPU
		{BD8A01AD-D8DD-4732-A540-E59A66E24296}.Release|Any CPU.ActiveCfg = Release|Any CPU
		{BD8A01AD-D8DD-4732-A540-E59A66E24296}.Release|Any CPU.Build.0 = Release|Any CPU
		{D3ED0CF7-41B5-4D44-963C-1E805A291918}.Debug|Any CPU.ActiveCfg = Debug|Any CPU
		{D3ED0CF7-41B5-4D44-963C-1E805A291918}.Debug|Any CPU.Build.0 = Debug|Any CPU
		{D3ED0CF7-41B5-4D44-963C-1E805A291918}.Release|Any CPU.ActiveCfg = Release|Any CPU
		{D3ED0CF7-41B5-4D44-963C-1E805A291918}.Release|Any CPU.Build.0 = Release|Any CPU
		{640E4BB4-87C6-4AFC-B34B-B7DA638EA364}.Debug|Any CPU.ActiveCfg = Debug|Any CPU
		{640E4BB4-87C6-4AFC-B34B-B7DA638EA364}.Debug|Any CPU.Build.0 = Debug|Any CPU
		{640E4BB4-87C6-4AFC-B34B-B7DA638EA364}.Release|Any CPU.ActiveCfg = Release|Any CPU
		{640E4BB4-87C6-4AFC-B34B-B7DA638EA364}.Release|Any CPU.Build.0 = Release|Any CPU
		{BADA997B-7FA2-43F8-BD97-484AF129D480}.Debug|Any CPU.ActiveCfg = Debug|Any CPU
		{BADA997B-7FA2-43F8-BD97-484AF129D480}.Debug|Any CPU.Build.0 = Debug|Any CPU
		{BADA997B-7FA2-43F8-BD97-484AF129D480}.Release|Any CPU.ActiveCfg = Release|Any CPU
		{BADA997B-7FA2-43F8-BD97-484AF129D480}.Release|Any CPU.Build.0 = Release|Any CPU
		{7BCF8984-3198-4EF6-BDBC-CB056337DBBA}.Debug|Any CPU.ActiveCfg = Debug|Any CPU
		{7BCF8984-3198-4EF6-BDBC-CB056337DBBA}.Debug|Any CPU.Build.0 = Debug|Any CPU
		{7BCF8984-3198-4EF6-BDBC-CB056337DBBA}.Release|Any CPU.ActiveCfg = Release|Any CPU
		{7BCF8984-3198-4EF6-BDBC-CB056337DBBA}.Release|Any CPU.Build.0 = Release|Any CPU
		{E1B1B4B9-52A7-4897-89DE-40090D2F3D0F}.Debug|Any CPU.ActiveCfg = Debug|Any CPU
		{E1B1B4B9-52A7-4897-89DE-40090D2F3D0F}.Debug|Any CPU.Build.0 = Debug|Any CPU
		{E1B1B4B9-52A7-4897-89DE-40090D2F3D0F}.Release|Any CPU.ActiveCfg = Release|Any CPU
		{E1B1B4B9-52A7-4897-89DE-40090D2F3D0F}.Release|Any CPU.Build.0 = Release|Any CPU
		{4528B4B8-357E-4D3A-B5F3-35FA8120D6D0}.Debug|Any CPU.ActiveCfg = Debug|Any CPU
		{4528B4B8-357E-4D3A-B5F3-35FA8120D6D0}.Debug|Any CPU.Build.0 = Debug|Any CPU
		{4528B4B8-357E-4D3A-B5F3-35FA8120D6D0}.Release|Any CPU.ActiveCfg = Release|Any CPU
		{4528B4B8-357E-4D3A-B5F3-35FA8120D6D0}.Release|Any CPU.Build.0 = Release|Any CPU
		{3ECC2AC0-7AD7-49FF-8784-3412560EDCA0}.Debug|Any CPU.ActiveCfg = Debug|Any CPU
		{3ECC2AC0-7AD7-49FF-8784-3412560EDCA0}.Debug|Any CPU.Build.0 = Debug|Any CPU
		{3ECC2AC0-7AD7-49FF-8784-3412560EDCA0}.Release|Any CPU.ActiveCfg = Release|Any CPU
		{3ECC2AC0-7AD7-49FF-8784-3412560EDCA0}.Release|Any CPU.Build.0 = Release|Any CPU
		{C951CC33-39BA-4B31-ADBB-15015C7EF1F3}.Debug|Any CPU.ActiveCfg = Debug|Any CPU
		{C951CC33-39BA-4B31-ADBB-15015C7EF1F3}.Debug|Any CPU.Build.0 = Debug|Any CPU
		{C951CC33-39BA-4B31-ADBB-15015C7EF1F3}.Release|Any CPU.ActiveCfg = Release|Any CPU
		{C951CC33-39BA-4B31-ADBB-15015C7EF1F3}.Release|Any CPU.Build.0 = Release|Any CPU
		{5F644726-3311-459F-B3DC-16710B4FC7B6}.Debug|Any CPU.ActiveCfg = Debug|Any CPU
		{5F644726-3311-459F-B3DC-16710B4FC7B6}.Debug|Any CPU.Build.0 = Debug|Any CPU
		{5F644726-3311-459F-B3DC-16710B4FC7B6}.Release|Any CPU.ActiveCfg = Release|Any CPU
		{5F644726-3311-459F-B3DC-16710B4FC7B6}.Release|Any CPU.Build.0 = Release|Any CPU
		{7C9CBD89-E6A1-4BC3-BDEE-F93A372A9943}.Debug|Any CPU.ActiveCfg = Debug|Any CPU
		{7C9CBD89-E6A1-4BC3-BDEE-F93A372A9943}.Debug|Any CPU.Build.0 = Debug|Any CPU
		{7C9CBD89-E6A1-4BC3-BDEE-F93A372A9943}.Release|Any CPU.ActiveCfg = Release|Any CPU
		{7C9CBD89-E6A1-4BC3-BDEE-F93A372A9943}.Release|Any CPU.Build.0 = Release|Any CPU
		{46E4C36B-7B6E-495A-8CC8-2CE87FB10B01}.Debug|Any CPU.ActiveCfg = Debug|Any CPU
		{46E4C36B-7B6E-495A-8CC8-2CE87FB10B01}.Debug|Any CPU.Build.0 = Debug|Any CPU
		{46E4C36B-7B6E-495A-8CC8-2CE87FB10B01}.Release|Any CPU.ActiveCfg = Release|Any CPU
		{46E4C36B-7B6E-495A-8CC8-2CE87FB10B01}.Release|Any CPU.Build.0 = Release|Any CPU
		{164CEAC9-2443-4F31-BB8D-4B641058EEFF}.Debug|Any CPU.ActiveCfg = Debug|Any CPU
		{164CEAC9-2443-4F31-BB8D-4B641058EEFF}.Debug|Any CPU.Build.0 = Debug|Any CPU
		{164CEAC9-2443-4F31-BB8D-4B641058EEFF}.Release|Any CPU.ActiveCfg = Release|Any CPU
		{164CEAC9-2443-4F31-BB8D-4B641058EEFF}.Release|Any CPU.Build.0 = Release|Any CPU
		{710030F2-6576-4D61-9F08-5616E1AC1E1A}.Debug|Any CPU.ActiveCfg = Debug|Any CPU
		{710030F2-6576-4D61-9F08-5616E1AC1E1A}.Debug|Any CPU.Build.0 = Debug|Any CPU
		{710030F2-6576-4D61-9F08-5616E1AC1E1A}.Release|Any CPU.ActiveCfg = Release|Any CPU
		{710030F2-6576-4D61-9F08-5616E1AC1E1A}.Release|Any CPU.Build.0 = Release|Any CPU
		{6F038E02-D6A2-4BA6-BCCD-9999DB4E6A67}.Debug|Any CPU.ActiveCfg = Debug|Any CPU
		{6F038E02-D6A2-4BA6-BCCD-9999DB4E6A67}.Debug|Any CPU.Build.0 = Debug|Any CPU
		{6F038E02-D6A2-4BA6-BCCD-9999DB4E6A67}.Release|Any CPU.ActiveCfg = Release|Any CPU
		{6F038E02-D6A2-4BA6-BCCD-9999DB4E6A67}.Release|Any CPU.Build.0 = Release|Any CPU
		{9876B74F-982C-46C8-9266-32F8F4161D14}.Debug|Any CPU.ActiveCfg = Debug|Any CPU
		{9876B74F-982C-46C8-9266-32F8F4161D14}.Debug|Any CPU.Build.0 = Debug|Any CPU
		{9876B74F-982C-46C8-9266-32F8F4161D14}.Release|Any CPU.ActiveCfg = Release|Any CPU
		{9876B74F-982C-46C8-9266-32F8F4161D14}.Release|Any CPU.Build.0 = Release|Any CPU
		{D8D4B734-B354-4666-A205-6206BA31BC41}.Debug|Any CPU.ActiveCfg = Debug|Any CPU
		{D8D4B734-B354-4666-A205-6206BA31BC41}.Debug|Any CPU.Build.0 = Debug|Any CPU
		{D8D4B734-B354-4666-A205-6206BA31BC41}.Release|Any CPU.ActiveCfg = Release|Any CPU
		{D8D4B734-B354-4666-A205-6206BA31BC41}.Release|Any CPU.Build.0 = Release|Any CPU
		{AEB75182-0ADE-4F09-B0CD-6696BE14582B}.Debug|Any CPU.ActiveCfg = Debug|Any CPU
		{AEB75182-0ADE-4F09-B0CD-6696BE14582B}.Debug|Any CPU.Build.0 = Debug|Any CPU
		{AEB75182-0ADE-4F09-B0CD-6696BE14582B}.Release|Any CPU.ActiveCfg = Release|Any CPU
		{AEB75182-0ADE-4F09-B0CD-6696BE14582B}.Release|Any CPU.Build.0 = Release|Any CPU
		{AE8E8DC4-CC15-4C29-A4C0-8BC259EDC105}.Debug|Any CPU.ActiveCfg = Debug|Any CPU
		{AE8E8DC4-CC15-4C29-A4C0-8BC259EDC105}.Debug|Any CPU.Build.0 = Debug|Any CPU
		{AE8E8DC4-CC15-4C29-A4C0-8BC259EDC105}.Release|Any CPU.ActiveCfg = Release|Any CPU
		{AE8E8DC4-CC15-4C29-A4C0-8BC259EDC105}.Release|Any CPU.Build.0 = Release|Any CPU
		{C4021932-B224-4D37-91BA-8F8063A53183}.Debug|Any CPU.ActiveCfg = Debug|Any CPU
		{C4021932-B224-4D37-91BA-8F8063A53183}.Debug|Any CPU.Build.0 = Debug|Any CPU
		{C4021932-B224-4D37-91BA-8F8063A53183}.Release|Any CPU.ActiveCfg = Release|Any CPU
		{C4021932-B224-4D37-91BA-8F8063A53183}.Release|Any CPU.Build.0 = Release|Any CPU
		{20F68942-7EB5-4D27-AB53-D0BAFB121587}.Debug|Any CPU.ActiveCfg = Debug|Any CPU
		{20F68942-7EB5-4D27-AB53-D0BAFB121587}.Debug|Any CPU.Build.0 = Debug|Any CPU
		{20F68942-7EB5-4D27-AB53-D0BAFB121587}.Release|Any CPU.ActiveCfg = Release|Any CPU
		{20F68942-7EB5-4D27-AB53-D0BAFB121587}.Release|Any CPU.Build.0 = Release|Any CPU
		{8739DEBB-1361-4353-92ED-D8EE92596F34}.Debug|Any CPU.ActiveCfg = Debug|Any CPU
		{8739DEBB-1361-4353-92ED-D8EE92596F34}.Debug|Any CPU.Build.0 = Debug|Any CPU
		{8739DEBB-1361-4353-92ED-D8EE92596F34}.Release|Any CPU.ActiveCfg = Release|Any CPU
		{8739DEBB-1361-4353-92ED-D8EE92596F34}.Release|Any CPU.Build.0 = Release|Any CPU
		{0175999A-2EBC-4E23-B0AF-FB4C3B18EFCA}.Debug|Any CPU.ActiveCfg = Debug|Any CPU
		{0175999A-2EBC-4E23-B0AF-FB4C3B18EFCA}.Debug|Any CPU.Build.0 = Debug|Any CPU
		{0175999A-2EBC-4E23-B0AF-FB4C3B18EFCA}.Release|Any CPU.ActiveCfg = Release|Any CPU
		{0175999A-2EBC-4E23-B0AF-FB4C3B18EFCA}.Release|Any CPU.Build.0 = Release|Any CPU
		{F17555C2-0213-4932-A79A-4F808921FEE8}.Debug|Any CPU.ActiveCfg = Debug|Any CPU
		{F17555C2-0213-4932-A79A-4F808921FEE8}.Debug|Any CPU.Build.0 = Debug|Any CPU
		{F17555C2-0213-4932-A79A-4F808921FEE8}.Release|Any CPU.ActiveCfg = Release|Any CPU
		{F17555C2-0213-4932-A79A-4F808921FEE8}.Release|Any CPU.Build.0 = Release|Any CPU
		{D2AD26CA-4894-42F7-8424-7426DC2614B7}.Debug|Any CPU.ActiveCfg = Debug|Any CPU
		{D2AD26CA-4894-42F7-8424-7426DC2614B7}.Debug|Any CPU.Build.0 = Debug|Any CPU
		{D2AD26CA-4894-42F7-8424-7426DC2614B7}.Release|Any CPU.ActiveCfg = Release|Any CPU
		{D2AD26CA-4894-42F7-8424-7426DC2614B7}.Release|Any CPU.Build.0 = Release|Any CPU
		{FECB6B16-5F36-4ABB-A306-5CA29BAB6B0D}.Debug|Any CPU.ActiveCfg = Debug|Any CPU
		{FECB6B16-5F36-4ABB-A306-5CA29BAB6B0D}.Debug|Any CPU.Build.0 = Debug|Any CPU
		{FECB6B16-5F36-4ABB-A306-5CA29BAB6B0D}.Release|Any CPU.ActiveCfg = Release|Any CPU
		{FECB6B16-5F36-4ABB-A306-5CA29BAB6B0D}.Release|Any CPU.Build.0 = Release|Any CPU
		{E78D865A-7042-4F34-9319-E44381FAECCA}.Debug|Any CPU.ActiveCfg = Debug|Any CPU
		{E78D865A-7042-4F34-9319-E44381FAECCA}.Debug|Any CPU.Build.0 = Debug|Any CPU
		{E78D865A-7042-4F34-9319-E44381FAECCA}.Release|Any CPU.ActiveCfg = Release|Any CPU
		{E78D865A-7042-4F34-9319-E44381FAECCA}.Release|Any CPU.Build.0 = Release|Any CPU
		{9737DA73-F378-4F6C-BB9F-06B5C67EAB87}.Debug|Any CPU.ActiveCfg = Debug|Any CPU
		{9737DA73-F378-4F6C-BB9F-06B5C67EAB87}.Debug|Any CPU.Build.0 = Debug|Any CPU
		{9737DA73-F378-4F6C-BB9F-06B5C67EAB87}.Release|Any CPU.ActiveCfg = Release|Any CPU
		{9737DA73-F378-4F6C-BB9F-06B5C67EAB87}.Release|Any CPU.Build.0 = Release|Any CPU
		{64FDACAE-5F47-4987-8E6D-9F1E60314C77}.Debug|Any CPU.ActiveCfg = Debug|Any CPU
		{64FDACAE-5F47-4987-8E6D-9F1E60314C77}.Debug|Any CPU.Build.0 = Debug|Any CPU
		{64FDACAE-5F47-4987-8E6D-9F1E60314C77}.Release|Any CPU.ActiveCfg = Release|Any CPU
		{64FDACAE-5F47-4987-8E6D-9F1E60314C77}.Release|Any CPU.Build.0 = Release|Any CPU
		{19C3E7F4-DAC7-4470-A289-4D25F95F9459}.Debug|Any CPU.ActiveCfg = Debug|Any CPU
		{19C3E7F4-DAC7-4470-A289-4D25F95F9459}.Debug|Any CPU.Build.0 = Debug|Any CPU
		{19C3E7F4-DAC7-4470-A289-4D25F95F9459}.Release|Any CPU.ActiveCfg = Release|Any CPU
		{19C3E7F4-DAC7-4470-A289-4D25F95F9459}.Release|Any CPU.Build.0 = Release|Any CPU
		{EA7385CB-D334-40B7-9A66-0DEE237EBB4F}.Debug|Any CPU.ActiveCfg = Debug|Any CPU
		{EA7385CB-D334-40B7-9A66-0DEE237EBB4F}.Debug|Any CPU.Build.0 = Debug|Any CPU
		{EA7385CB-D334-40B7-9A66-0DEE237EBB4F}.Release|Any CPU.ActiveCfg = Release|Any CPU
		{EA7385CB-D334-40B7-9A66-0DEE237EBB4F}.Release|Any CPU.Build.0 = Release|Any CPU
		{DEAFED0E-7FD8-4837-AE9D-16480EEF3047}.Debug|Any CPU.ActiveCfg = Debug|Any CPU
		{DEAFED0E-7FD8-4837-AE9D-16480EEF3047}.Debug|Any CPU.Build.0 = Debug|Any CPU
		{DEAFED0E-7FD8-4837-AE9D-16480EEF3047}.Release|Any CPU.ActiveCfg = Release|Any CPU
		{DEAFED0E-7FD8-4837-AE9D-16480EEF3047}.Release|Any CPU.Build.0 = Release|Any CPU
		{653FB14F-CD75-404C-9939-F47A1878D19B}.Debug|Any CPU.ActiveCfg = Debug|Any CPU
		{653FB14F-CD75-404C-9939-F47A1878D19B}.Debug|Any CPU.Build.0 = Debug|Any CPU
		{653FB14F-CD75-404C-9939-F47A1878D19B}.Release|Any CPU.ActiveCfg = Release|Any CPU
		{653FB14F-CD75-404C-9939-F47A1878D19B}.Release|Any CPU.Build.0 = Release|Any CPU
		{0F8B7C4C-386A-4616-ACED-81AB66ABF9A3}.Debug|Any CPU.ActiveCfg = Debug|Any CPU
		{0F8B7C4C-386A-4616-ACED-81AB66ABF9A3}.Debug|Any CPU.Build.0 = Debug|Any CPU
		{0F8B7C4C-386A-4616-ACED-81AB66ABF9A3}.Release|Any CPU.ActiveCfg = Release|Any CPU
		{0F8B7C4C-386A-4616-ACED-81AB66ABF9A3}.Release|Any CPU.Build.0 = Release|Any CPU
		{0A608884-7690-48CA-9E14-3C2E2C2C6DF8}.Debug|Any CPU.ActiveCfg = Debug|Any CPU
		{0A608884-7690-48CA-9E14-3C2E2C2C6DF8}.Debug|Any CPU.Build.0 = Debug|Any CPU
		{0A608884-7690-48CA-9E14-3C2E2C2C6DF8}.Release|Any CPU.ActiveCfg = Release|Any CPU
		{0A608884-7690-48CA-9E14-3C2E2C2C6DF8}.Release|Any CPU.Build.0 = Release|Any CPU
		{8FF515BC-D0D4-4595-AE86-FA8EDB91E00B}.Debug|Any CPU.ActiveCfg = Debug|Any CPU
		{8FF515BC-D0D4-4595-AE86-FA8EDB91E00B}.Debug|Any CPU.Build.0 = Debug|Any CPU
		{8FF515BC-D0D4-4595-AE86-FA8EDB91E00B}.Release|Any CPU.ActiveCfg = Release|Any CPU
		{8FF515BC-D0D4-4595-AE86-FA8EDB91E00B}.Release|Any CPU.Build.0 = Release|Any CPU
		{55D49C02-739D-4BCB-B998-AA16980CA57B}.Debug|Any CPU.ActiveCfg = Debug|Any CPU
		{55D49C02-739D-4BCB-B998-AA16980CA57B}.Debug|Any CPU.Build.0 = Debug|Any CPU
		{55D49C02-739D-4BCB-B998-AA16980CA57B}.Release|Any CPU.ActiveCfg = Release|Any CPU
		{55D49C02-739D-4BCB-B998-AA16980CA57B}.Release|Any CPU.Build.0 = Release|Any CPU
		{842FBD7C-7017-479E-A00C-F54F3F28D3A9}.Debug|Any CPU.ActiveCfg = Debug|Any CPU
		{842FBD7C-7017-479E-A00C-F54F3F28D3A9}.Debug|Any CPU.Build.0 = Debug|Any CPU
		{842FBD7C-7017-479E-A00C-F54F3F28D3A9}.Release|Any CPU.ActiveCfg = Release|Any CPU
		{842FBD7C-7017-479E-A00C-F54F3F28D3A9}.Release|Any CPU.Build.0 = Release|Any CPU
		{987DD7FA-58F3-4DF3-90DB-AF13BE83F5F1}.Debug|Any CPU.ActiveCfg = Debug|Any CPU
		{987DD7FA-58F3-4DF3-90DB-AF13BE83F5F1}.Debug|Any CPU.Build.0 = Debug|Any CPU
		{987DD7FA-58F3-4DF3-90DB-AF13BE83F5F1}.Release|Any CPU.ActiveCfg = Release|Any CPU
		{987DD7FA-58F3-4DF3-90DB-AF13BE83F5F1}.Release|Any CPU.Build.0 = Release|Any CPU
		{AC1B9FC9-BEC3-4540-B871-CF03D82CE4A5}.Debug|Any CPU.ActiveCfg = Debug|Any CPU
		{AC1B9FC9-BEC3-4540-B871-CF03D82CE4A5}.Debug|Any CPU.Build.0 = Debug|Any CPU
		{AC1B9FC9-BEC3-4540-B871-CF03D82CE4A5}.Release|Any CPU.ActiveCfg = Release|Any CPU
		{AC1B9FC9-BEC3-4540-B871-CF03D82CE4A5}.Release|Any CPU.Build.0 = Release|Any CPU
		{A9B0F0CA-0EA4-4FE7-AED3-0568F4BED90F}.Debug|Any CPU.ActiveCfg = Debug|Any CPU
		{A9B0F0CA-0EA4-4FE7-AED3-0568F4BED90F}.Debug|Any CPU.Build.0 = Debug|Any CPU
		{A9B0F0CA-0EA4-4FE7-AED3-0568F4BED90F}.Release|Any CPU.ActiveCfg = Release|Any CPU
		{A9B0F0CA-0EA4-4FE7-AED3-0568F4BED90F}.Release|Any CPU.Build.0 = Release|Any CPU
		{AB49C6E9-9CAA-4FA8-A3AA-D6DD460618E4}.Debug|Any CPU.ActiveCfg = Debug|Any CPU
		{AB49C6E9-9CAA-4FA8-A3AA-D6DD460618E4}.Debug|Any CPU.Build.0 = Debug|Any CPU
		{AB49C6E9-9CAA-4FA8-A3AA-D6DD460618E4}.Release|Any CPU.ActiveCfg = Release|Any CPU
		{AB49C6E9-9CAA-4FA8-A3AA-D6DD460618E4}.Release|Any CPU.Build.0 = Release|Any CPU
		{65AEC41C-301B-4CE6-99A4-5A6F00E70895}.Debug|Any CPU.ActiveCfg = Debug|Any CPU
		{65AEC41C-301B-4CE6-99A4-5A6F00E70895}.Debug|Any CPU.Build.0 = Debug|Any CPU
		{65AEC41C-301B-4CE6-99A4-5A6F00E70895}.Release|Any CPU.ActiveCfg = Release|Any CPU
		{65AEC41C-301B-4CE6-99A4-5A6F00E70895}.Release|Any CPU.Build.0 = Release|Any CPU
		{307F8277-4814-4682-B14E-0FE9D88EBCDF}.Debug|Any CPU.ActiveCfg = Debug|Any CPU
		{307F8277-4814-4682-B14E-0FE9D88EBCDF}.Debug|Any CPU.Build.0 = Debug|Any CPU
		{307F8277-4814-4682-B14E-0FE9D88EBCDF}.Release|Any CPU.ActiveCfg = Release|Any CPU
		{307F8277-4814-4682-B14E-0FE9D88EBCDF}.Release|Any CPU.Build.0 = Release|Any CPU
		{1719CF3B-2EE9-4D58-91A5-D17E55AB0BDA}.Debug|Any CPU.ActiveCfg = Debug|Any CPU
		{1719CF3B-2EE9-4D58-91A5-D17E55AB0BDA}.Debug|Any CPU.Build.0 = Debug|Any CPU
		{1719CF3B-2EE9-4D58-91A5-D17E55AB0BDA}.Release|Any CPU.ActiveCfg = Release|Any CPU
		{1719CF3B-2EE9-4D58-91A5-D17E55AB0BDA}.Release|Any CPU.Build.0 = Release|Any CPU
		{A76630AB-EB1A-457D-9BF5-56AF893EA419}.Debug|Any CPU.ActiveCfg = Debug|Any CPU
		{A76630AB-EB1A-457D-9BF5-56AF893EA419}.Debug|Any CPU.Build.0 = Debug|Any CPU
		{A76630AB-EB1A-457D-9BF5-56AF893EA419}.Release|Any CPU.ActiveCfg = Release|Any CPU
		{A76630AB-EB1A-457D-9BF5-56AF893EA419}.Release|Any CPU.Build.0 = Release|Any CPU
		{EF3912A7-67AE-4648-96FA-D4B60B5F291C}.Debug|Any CPU.ActiveCfg = Debug|Any CPU
		{EF3912A7-67AE-4648-96FA-D4B60B5F291C}.Debug|Any CPU.Build.0 = Debug|Any CPU
		{EF3912A7-67AE-4648-96FA-D4B60B5F291C}.Release|Any CPU.ActiveCfg = Release|Any CPU
		{EF3912A7-67AE-4648-96FA-D4B60B5F291C}.Release|Any CPU.Build.0 = Release|Any CPU
		{B5A08B94-3E33-4D2E-BA4B-9E97F29397F4}.Debug|Any CPU.ActiveCfg = Debug|Any CPU
		{B5A08B94-3E33-4D2E-BA4B-9E97F29397F4}.Debug|Any CPU.Build.0 = Debug|Any CPU
		{B5A08B94-3E33-4D2E-BA4B-9E97F29397F4}.Release|Any CPU.ActiveCfg = Release|Any CPU
		{B5A08B94-3E33-4D2E-BA4B-9E97F29397F4}.Release|Any CPU.Build.0 = Release|Any CPU
	EndGlobalSection
	GlobalSection(SolutionProperties) = preSolution
		HideSolutionNode = FALSE
	EndGlobalSection
EndGlobal
